{
    "_readme": [
        "This file locks the dependencies of your project to a known state",
        "Read more about it at http://getcomposer.org/doc/01-basic-usage.md#composer-lock-the-lock-file"
    ],
    "hash": "d9d8dee51831ec7c1e69361a744e4932",
    "packages": [
        {
            "name": "fracture/http",
            "version": "0.1",
            "source": {
                "type": "git",
                "url": "https://github.com/fracture/http.git",
                "reference": "461f49a6c9a5b6f972399add5ebbe8fed933e012"
            },
            "dist": {
                "type": "zip",
                "url": "https://api.github.com/repos/fracture/http/zipball/461f49a6c9a5b6f972399add5ebbe8fed933e012",
                "reference": "461f49a6c9a5b6f972399add5ebbe8fed933e012",
                "shasum": ""
            },
            "require": {
                "php": ">=5.4.0"
            },
            "require-dev": {
                "satooshi/php-coveralls": "dev-master",
                "sebastianbergmann/phpcov": "1.1.0"
            },
            "type": "library",
            "autoload": {
                "psr-4": {
                    "": "src/"
                }
            },
            "notification-url": "https://packagist.org/downloads/",
            "license": [
                "BSD"
            ],
            "authors": [
                {
                    "name": "Mārtiņš Tereško",
                    "email": "martins.teresko@gmail.com",
                    "role": "Creator / Lead Developer"
                }
            ],
            "description": "HTTP abstraction library from Fracture PHP framework for use with composer",
            "homepage": "https://github.com/fracture/http",
            "time": "2014-03-19 14:35:22"
        },
        {
            "name": "fracture/routing",
            "version": "0.1",
            "source": {
                "type": "git",
                "url": "https://github.com/fracture/routing.git",
                "reference": "b7a60fc5c1f40f1ea902ff8d4224875117458074"
            },
            "dist": {
                "type": "zip",
                "url": "https://api.github.com/repos/fracture/routing/zipball/b7a60fc5c1f40f1ea902ff8d4224875117458074",
                "reference": "b7a60fc5c1f40f1ea902ff8d4224875117458074",
                "shasum": ""
            },
            "require": {
                "php": ">=5.4.0"
            },
            "require-dev": {
                "satooshi/php-coveralls": "dev-master",
                "sebastianbergmann/phpcov": "1.1.0"
            },
            "type": "library",
            "autoload": {
                "psr-4": {
                    "": "src/"
                }
            },
            "notification-url": "https://packagist.org/downloads/",
            "license": [
                "BSD"
            ],
            "authors": [
                {
                    "name": "Mārtiņš Tereško",
                    "email": "martins.teresko@gmail.com",
                    "role": "Creator / Lead Developer"
                }
            ],
            "description": "Routing library from Fracture PHP framework for use with composer",
            "homepage": "https://github.com/fracture/routing",
            "time": "2014-03-19 12:30:52"
        },
        {
            "name": "rdlowrey/alert",
            "version": "v0.1.2",
            "source": {
                "type": "git",
                "url": "https://github.com/rdlowrey/alert.git",
                "reference": "71e3331d21f90b9143ee91513560fa891e09f1ec"
            },
            "dist": {
                "type": "zip",
                "url": "https://api.github.com/repos/rdlowrey/alert/zipball/71e3331d21f90b9143ee91513560fa891e09f1ec",
                "reference": "71e3331d21f90b9143ee91513560fa891e09f1ec",
                "shasum": ""
            },
            "require": {
                "php": ">=5.4.0"
            },
            "type": "library",
            "autoload": {
                "psr-0": {
                    "Alert": "src"
                }
            },
            "notification-url": "https://packagist.org/downloads/",
            "license": [
                "MIT"
            ],
            "authors": [
                {
                    "name": "Daniel Lowrey",
                    "email": "rdlowrey@php.net",
                    "role": "Creator / Lead Developer"
                }
            ],
            "description": "Event loops for event-driven/async PHP",
            "homepage": "https://github.com/rdlowrey/alert",
            "keywords": [
                "async",
                "events",
                "libevent",
                "non-blocking"
            ],
            "time": "2013-08-12 15:35:18"
        },
        {
            "name": "rdlowrey/artax",
            "version": "v0.6.2",
            "source": {
                "type": "git",
                "url": "https://github.com/rdlowrey/Artax.git",
                "reference": "6e2b5dde1f54bbdb6d4c03f67f4fb4bc031aef67"
            },
            "dist": {
                "type": "zip",
                "url": "https://api.github.com/repos/rdlowrey/Artax/zipball/6e2b5dde1f54bbdb6d4c03f67f4fb4bc031aef67",
                "reference": "6e2b5dde1f54bbdb6d4c03f67f4fb4bc031aef67",
                "shasum": ""
            },
            "require": {
                "php": ">=5.4.0",
                "rdlowrey/alert": "~0.1.2"
            },
            "type": "library",
            "autoload": {
                "psr-0": {
                    "": "src/"
                }
            },
            "notification-url": "https://packagist.org/downloads/",
            "license": [
                "MIT"
            ],
            "authors": [
                {
                    "name": "Daniel Lowrey",
                    "email": "rdlowrey@gmail.com",
                    "role": "Creator / Lead Developer"
                }
            ],
            "description": "An object-oriented HTTP/1.1 client with no cURL dependency",
            "homepage": "https://github.com/rdlowrey/Artax",
            "keywords": [
                "async",
                "client",
                "http",
                "parallel",
                "rest"
            ],
            "time": "2013-11-26 16:01:57"
        }
    ],
    "packages-dev": [

    ],
    "aliases": [

    ],
    "minimum-stability": "stable",
    "stability-flags": [

    ],
    "platform": {
        "php": ">=5.4.0"
    },
    "platform-dev": [

    ]
}
